// !$*UTF8*$!
{
	archiveVersion = 1;
	classes = {
	};
	objectVersion = 46;
	objects = {

/* Begin PBXBuildFile section */
		EA156A411BEF11850078CB1C /* RCTKeyboardToolbar.m in Sources */ = {isa = PBXBuildFile; fileRef = EA156A401BEF11850078CB1C /* RCTKeyboardToolbar.m */; settings = {ASSET_TAGS = (); }; };
		EA4A61651BF18ED6008CE3AB /* RCTKeyboardPicker.m in Sources */ = {isa = PBXBuildFile; fileRef = EA4A61641BF18ED6008CE3AB /* RCTKeyboardPicker.m */; settings = {ASSET_TAGS = (); }; };
		EA4A61691BF1A78E008CE3AB /* RCTTextFieldExtension.m in Sources */ = {isa = PBXBuildFile; fileRef = EA4A61681BF1A78E008CE3AB /* RCTTextFieldExtension.m */; settings = {ASSET_TAGS = (); }; };
		EA80302C1BF28499002D36C5 /* RCTTextViewExtension.m in Sources */ = {isa = PBXBuildFile; fileRef = EA80302B1BF28499002D36C5 /* RCTTextViewExtension.m */; settings = {ASSET_TAGS = (); }; };
/* End PBXBuildFile section */

/* Begin PBXCopyFilesBuildPhase section */
		EADF3C811BEE147600DCD186 /* CopyFiles */ = {
			isa = PBXCopyFilesBuildPhase;
			buildActionMask = 2147483647;
			dstPath = "include/$(PRODUCT_NAME)";
			dstSubfolderSpec = 16;
			files = (
			);
			runOnlyForDeploymentPostprocessing = 0;
		};
/* End PBXCopyFilesBuildPhase section */

/* Begin PBXFileReference section */
		EA156A3F1BEF11850078CB1C /* RCTKeyboardToolbar.h */ = {isa = PBXFileReference; fileEncoding = 4; lastKnownFileType = sourcecode.c.h; path = RCTKeyboardToolbar.h; sourceTree = "<group>"; };
		EA156A401BEF11850078CB1C /* RCTKeyboardToolbar.m */ = {isa = PBXFileReference; fileEncoding = 4; lastKnownFileType = sourcecode.c.objc; path = RCTKeyboardToolbar.m; sourceTree = "<group>"; };
		EA4A61641BF18ED6008CE3AB /* RCTKeyboardPicker.m */ = {isa = PBXFileReference; fileEncoding = 4; lastKnownFileType = sourcecode.c.objc; path = RCTKeyboardPicker.m; sourceTree = "<group>"; };
		EA4A61661BF18EE4008CE3AB /* RCTKeyboardPicker.h */ = {isa = PBXFileReference; lastKnownFileType = sourcecode.c.h; path = RCTKeyboardPicker.h; sourceTree = "<group>"; };
		EA4A61671BF1A78E008CE3AB /* RCTTextFieldExtension.h */ = {isa = PBXFileReference; fileEncoding = 4; lastKnownFileType = sourcecode.c.h; path = RCTTextFieldExtension.h; sourceTree = "<group>"; };
		EA4A61681BF1A78E008CE3AB /* RCTTextFieldExtension.m */ = {isa = PBXFileReference; fileEncoding = 4; lastKnownFileType = sourcecode.c.objc; path = RCTTextFieldExtension.m; sourceTree = "<group>"; };
		EA80302A1BF28499002D36C5 /* RCTTextViewExtension.h */ = {isa = PBXFileReference; fileEncoding = 4; lastKnownFileType = sourcecode.c.h; path = RCTTextViewExtension.h; sourceTree = "<group>"; };
		EA80302B1BF28499002D36C5 /* RCTTextViewExtension.m */ = {isa = PBXFileReference; fileEncoding = 4; lastKnownFileType = sourcecode.c.objc; path = RCTTextViewExtension.m; sourceTree = "<group>"; };
		EADF3C831BEE147600DCD186 /* libRCTKeyboardToolbar.a */ = {isa = PBXFileReference; explicitFileType = archive.ar; includeInIndex = 0; path = libRCTKeyboardToolbar.a; sourceTree = BUILT_PRODUCTS_DIR; };
/* End PBXFileReference section */

/* Begin PBXFrameworksBuildPhase section */
		EADF3C801BEE147600DCD186 /* Frameworks */ = {
			isa = PBXFrameworksBuildPhase;
			buildActionMask = 2147483647;
			files = (
			);
			runOnlyForDeploymentPostprocessing = 0;
		};
/* End PBXFrameworksBuildPhase section */

/* Begin PBXGroup section */
		EA90629B1BEE173B00DC4B7E /* RCTKeyboardToolbar */ = {
			isa = PBXGroup;
			children = (
				EA156A3F1BEF11850078CB1C /* RCTKeyboardToolbar.h */,
				EA156A401BEF11850078CB1C /* RCTKeyboardToolbar.m */,
				EA4A61661BF18EE4008CE3AB /* RCTKeyboardPicker.h */,
				EA4A61641BF18ED6008CE3AB /* RCTKeyboardPicker.m */,
				EA4A61671BF1A78E008CE3AB /* RCTTextFieldExtension.h */,
				EA4A61681BF1A78E008CE3AB /* RCTTextFieldExtension.m */,
				EA80302A1BF28499002D36C5 /* RCTTextViewExtension.h */,
				EA80302B1BF28499002D36C5 /* RCTTextViewExtension.m */,
			);
			name = RCTKeyboardToolbar;
			sourceTree = "<group>";
		};
		EADF3C7A1BEE147600DCD186 = {
			isa = PBXGroup;
			children = (
				EA90629B1BEE173B00DC4B7E /* RCTKeyboardToolbar */,
				EADF3C841BEE147600DCD186 /* Products */,
			);
			sourceTree = "<group>";
		};
		EADF3C841BEE147600DCD186 /* Products */ = {
			isa = PBXGroup;
			children = (
				EADF3C831BEE147600DCD186 /* libRCTKeyboardToolbar.a */,
			);
			name = Products;
			sourceTree = "<group>";
		};
/* End PBXGroup section */

/* Begin PBXNativeTarget section */
		EADF3C821BEE147600DCD186 /* RCTKeyboardToolbar */ = {
			isa = PBXNativeTarget;
			buildConfigurationList = EADF3C8C1BEE147600DCD186 /* Build configuration list for PBXNativeTarget "RCTKeyboardToolbar" */;
			buildPhases = (
				EADF3C7F1BEE147600DCD186 /* Sources */,
				EADF3C801BEE147600DCD186 /* Frameworks */,
				EADF3C811BEE147600DCD186 /* CopyFiles */,
			);
			buildRules = (
			);
			dependencies = (
			);
			name = RCTKeyboardToolbar;
			productName = RCTKeyboardToolbar;
			productReference = EADF3C831BEE147600DCD186 /* libRCTKeyboardToolbar.a */;
			productType = "com.apple.product-type.library.static";
		};
/* End PBXNativeTarget section */

/* Begin PBXProject section */
		EADF3C7B1BEE147600DCD186 /* Project object */ = {
			isa = PBXProject;
			attributes = {
				LastSwiftUpdateCheck = 0700;
				LastUpgradeCheck = 0700;
				ORGANIZATIONNAME = DickyT;
				TargetAttributes = {
					EADF3C821BEE147600DCD186 = {
						CreatedOnToolsVersion = 7.0;
					};
				};
			};
			buildConfigurationList = EADF3C7E1BEE147600DCD186 /* Build configuration list for PBXProject "RCTTextInputUtils" */;
			compatibilityVersion = "Xcode 3.2";
			developmentRegion = English;
			hasScannedForEncodings = 0;
			knownRegions = (
				en,
			);
			mainGroup = EADF3C7A1BEE147600DCD186;
			productRefGroup = EADF3C841BEE147600DCD186 /* Products */;
			projectDirPath = "";
			projectRoot = "";
			targets = (
				EADF3C821BEE147600DCD186 /* RCTKeyboardToolbar */,
			);
		};
/* End PBXProject section */

/* Begin PBXSourcesBuildPhase section */
		EADF3C7F1BEE147600DCD186 /* Sources */ = {
			isa = PBXSourcesBuildPhase;
			buildActionMask = 2147483647;
			files = (
				EA4A61691BF1A78E008CE3AB /* RCTTextFieldExtension.m in Sources */,
				EA4A61651BF18ED6008CE3AB /* RCTKeyboardPicker.m in Sources */,
				EA156A411BEF11850078CB1C /* RCTKeyboardToolbar.m in Sources */,
				EA80302C1BF28499002D36C5 /* RCTTextViewExtension.m in Sources */,
			);
			runOnlyForDeploymentPostprocessing = 0;
		};
/* End PBXSourcesBuildPhase section */

/* Begin XCBuildConfiguration section */
		EADF3C8A1BEE147600DCD186 /* Debug */ = {
			isa = XCBuildConfiguration;
			buildSettings = {
				ALWAYS_SEARCH_USER_PATHS = NO;
				CLANG_CXX_LANGUAGE_STANDARD = "gnu++0x";
				CLANG_CXX_LIBRARY = "libc++";
				CLANG_ENABLE_MODULES = YES;
				CLANG_ENABLE_OBJC_ARC = YES;
				CLANG_WARN_BOOL_CONVERSION = YES;
				CLANG_WARN_CONSTANT_CONVERSION = YES;
				CLANG_WARN_DIRECT_OBJC_ISA_USAGE = YES_ERROR;
				CLANG_WARN_EMPTY_BODY = YES;
				CLANG_WARN_ENUM_CONVERSION = YES;
				CLANG_WARN_INT_CONVERSION = YES;
				CLANG_WARN_OBJC_ROOT_CLASS = YES_ERROR;
				CLANG_WARN_UNREACHABLE_CODE = YES;
				CLANG_WARN__DUPLICATE_METHOD_MATCH = YES;
				COPY_PHASE_STRIP = NO;
				DEBUG_INFORMATION_FORMAT = dwarf;
				ENABLE_STRICT_OBJC_MSGSEND = YES;
				ENABLE_TESTABILITY = YES;
				GCC_C_LANGUAGE_STANDARD = gnu99;
				GCC_DYNAMIC_NO_PIC = NO;
				GCC_NO_COMMON_BLOCKS = YES;
				GCC_OPTIMIZATION_LEVEL = 0;
				GCC_PREPROCESSOR_DEFINITIONS = (
					"DEBUG=1",
					"$(inherited)",
				);
				GCC_WARN_64_TO_32_BIT_CONVERSION = YES;
				GCC_WARN_ABOUT_RETURN_TYPE = YES_ERROR;
				GCC_WARN_UNDECLARED_SELECTOR = YES;
				GCC_WARN_UNINITIALIZED_AUTOS = YES_AGGRESSIVE;
				GCC_WARN_UNUSED_FUNCTION = YES;
				GCC_WARN_UNUSED_VARIABLE = YES;
				IPHONEOS_DEPLOYMENT_TARGET = 9.0;
				MTL_ENABLE_DEBUG_INFO = YES;
				ONLY_ACTIVE_ARCH = YES;
				SDKROOT = iphoneos;
			};
			name = Debug;
		};
		EADF3C8B1BEE147600DCD186 /* Release */ = {
			isa = XCBuildConfiguration;
			buildSettings = {
				ALWAYS_SEARCH_USER_PATHS = NO;
				CLANG_CXX_LANGUAGE_STANDARD = "gnu++0x";
				CLANG_CXX_LIBRARY = "libc++";
				CLANG_ENABLE_MODULES = YES;
				CLANG_ENABLE_OBJC_ARC = YES;
				CLANG_WARN_BOOL_CONVERSION = YES;
				CLANG_WARN_CONSTANT_CONVERSION = YES;
				CLANG_WARN_DIRECT_OBJC_ISA_USAGE = YES_ERROR;
				CLANG_WARN_EMPTY_BODY = YES;
				CLANG_WARN_ENUM_CONVERSION = YES;
				CLANG_WARN_INT_CONVERSION = YES;
				CLANG_WARN_OBJC_ROOT_CLASS = YES_ERROR;
				CLANG_WARN_UNREACHABLE_CODE = YES;
				CLANG_WARN__DUPLICATE_METHOD_MATCH = YES;
				COPY_PHASE_STRIP = NO;
				DEBUG_INFORMATION_FORMAT = "dwarf-with-dsym";
				ENABLE_NS_ASSERTIONS = NO;
				ENABLE_STRICT_OBJC_MSGSEND = YES;
				GCC_C_LANGUAGE_STANDARD = gnu99;
				GCC_NO_COMMON_BLOCKS = YES;
				GCC_WARN_64_TO_32_BIT_CONVERSION = YES;
				GCC_WARN_ABOUT_RETURN_TYPE = YES_ERROR;
				GCC_WARN_UNDECLARED_SELECTOR = YES;
				GCC_WARN_UNINITIALIZED_AUTOS = YES_AGGRESSIVE;
				GCC_WARN_UNUSED_FUNCTION = YES;
				GCC_WARN_UNUSED_VARIABLE = YES;
				IPHONEOS_DEPLOYMENT_TARGET = 9.0;
				MTL_ENABLE_DEBUG_INFO = NO;
				SDKROOT = iphoneos;
				VALIDATE_PRODUCT = YES;
			};
			name = Release;
		};
		EADF3C8D1BEE147600DCD186 /* Debug */ = {
			isa = XCBuildConfiguration;
			buildSettings = {
				CLANG_ENABLE_MODULES = YES;
				DEBUG_INFORMATION_FORMAT = "dwarf-with-dsym";
				ENABLE_TESTABILITY = NO;
				GENERATE_PROFILING_CODE = NO;
				HEADER_SEARCH_PATHS = (
					"$(inherited)",
					/Applications/Xcode.app/Contents/Developer/Toolchains/XcodeDefault.xctoolchain/usr/include,
					"$(SRCROOT)/../../React/**",
					"$(SRCROOT)/../../node_modules/react-native/React/**",
					"$(SRCROOT)/../../node_modules/react-native/Libraries/**",
				);
				IPHONEOS_DEPLOYMENT_TARGET = 7.0;
				LD_RUNPATH_SEARCH_PATHS = "$(inherited) @executable_path/Frameworks @loader_path/Frameworks";
				OTHER_LDFLAGS = "-ObjC";
				PRODUCT_NAME = "$(TARGET_NAME)";
				SKIP_INSTALL = YES;
				SWIFT_OBJC_BRIDGING_HEADER = "RCTKeyboardToolbar-Bridging-Header.h";
				SWIFT_OPTIMIZATION_LEVEL = "-Onone";
			};
			name = Debug;
		};
		EADF3C8E1BEE147600DCD186 /* Release */ = {
			isa = XCBuildConfiguration;
			buildSettings = {
				CLANG_ENABLE_MODULES = YES;
				COPY_PHASE_STRIP = YES;
				DEBUG_INFORMATION_FORMAT = "dwarf-with-dsym";
				ENABLE_TESTABILITY = NO;
				GENERATE_PROFILING_CODE = NO;
				HEADER_SEARCH_PATHS = (
					"$(inherited)",
					/Applications/Xcode.app/Contents/Developer/Toolchains/XcodeDefault.xctoolchain/usr/include,
					"$(SRCROOT)/../../React/**",
					"$(SRCROOT)/../../node_modules/react-native/React/**",
					"$(SRCROOT)/../../node_modules/react-native/Libraries/**",
				);
				IPHONEOS_DEPLOYMENT_TARGET = 7.0;
				LD_RUNPATH_SEARCH_PATHS = "$(inherited) @executable_path/Frameworks @loader_path/Frameworks";
				OTHER_LDFLAGS = "-ObjC";
				PRODUCT_NAME = "$(TARGET_NAME)";
				SKIP_INSTALL = YES;
				SWIFT_OBJC_BRIDGING_HEADER = "RCTKeyboardToolbar-Bridging-Header.h";
			};
			name = Release;
		};
/* End XCBuildConfiguration section */

/* Begin XCConfigurationList section */
		EADF3C7E1BEE147600DCD186 /* Build configuration list for PBXProject "RCTTextInputUtils" */ = {
			isa = XCConfigurationList;
			buildConfigurations = (
				EADF3C8A1BEE147600DCD186 /* Debug */,
				EADF3C8B1BEE147600DCD186 /* Release */,
			);
			defaultConfigurationIsVisible = 0;
			defaultConfigurationName = Release;
		};
		EADF3C8C1BEE147600DCD186 /* Build configuration list for PBXNativeTarget "RCTKeyboardToolbar" */ = {
			isa = XCConfigurationList;
			buildConfigurations = (
				EADF3C8D1BEE147600DCD186 /* Debug */,
				EADF3C8E1BEE147600DCD186 /* Release */,
			);
			defaultConfigurationIsVisible = 0;
			defaultConfigurationName = Release;
		};
/* End XCConfigurationList section */
	};
	rootObject = EADF3C7B1BEE147600DCD186 /* Project object */;
}
